
Microsoft Visual Studio Solution File, Format Version 12.00
# Visual Studio 15
VisualStudioVersion = 15.0.28010.2048
MinimumVisualStudioVersion = 10.0.40219.1
Project("{FAE04EC0-301F-11D3-BF4B-00C04F79EFBC}") = "HW02062019_Threads", "HW02062019_Threads\HW02062019_Threads.csproj", "{BE05AA24-98A5-4900-9D9E-BADFF1E59613}"
EndProject
Global
	GlobalSection(SolutionConfigurationPlatforms) = preSolution
		Debug|Any CPU = Debug|Any CPU
		Release|Any CPU = Release|Any CPU
	EndGlobalSection
	GlobalSection(ProjectConfigurationPlatforms) = postSolution
		{BE05AA24-98A5-4900-9D9E-BADFF1E59613}.Debug|Any CPU.ActiveCfg = Debug|Any CPU
		{BE05AA24-98A5-4900-9D9E-BADFF1E59613}.Debug|Any CPU.Build.0 = Debug|Any CPU
		{BE05AA24-98A5-4900-9D9E-BADFF1E59613}.Release|Any CPU.ActiveCfg = Release|Any CPU
		{BE05AA24-98A5-4900-9D9E-BADFF1E59613}.Release|Any CPU.Build.0 = Release|Any CPU
	EndGlobalSection
	GlobalSection(SolutionProperties) = preSolution
		HideSolutionNode = FALSE
	EndGlobalSection
	GlobalSection(ExtensibilityGlobals) = postSolution
		SolutionGuid = {88C11359-AEA6-4354-8584-13B0C00C6F2F}
	EndGlobalSection
EndGlobal
